// !$*UTF8*$!
{
	archiveVersion = 1;
	classes = {
	};
	objectVersion = 46;
	objects = {

/* Begin PBXBuildFile section */
		8647471C1D61D5CF002CAD34 /* Reachability.m in Sources */ = {isa = PBXBuildFile; fileRef = 8647471B1D61D5CF002CAD34 /* Reachability.m */; };
		866EEEC41D8AD37D005DBE43 /* MusicVideoTVC.swift in Sources */ = {isa = PBXBuildFile; fileRef = 866EEEC31D8AD37D005DBE43 /* MusicVideoTVC.swift */; };
		8686AF5B1D2163A4000B2DB4 /* Constants.swift in Sources */ = {isa = PBXBuildFile; fileRef = 8686AF5A1D2163A4000B2DB4 /* Constants.swift */; };
		8686AF5D1D216583000B2DB4 /* MusicVideo.swift in Sources */ = {isa = PBXBuildFile; fileRef = 8686AF5C1D216583000B2DB4 /* MusicVideo.swift */; };
		86C3005A1CE5F9E800A48DF2 /* AppDelegate.swift in Sources */ = {isa = PBXBuildFile; fileRef = 86C300591CE5F9E800A48DF2 /* AppDelegate.swift */; };
		86C3005C1CE5F9E800A48DF2 /* ViewController.swift in Sources */ = {isa = PBXBuildFile; fileRef = 86C3005B1CE5F9E800A48DF2 /* ViewController.swift */; };
		86C3005F1CE5F9E800A48DF2 /* Main.storyboard in Resources */ = {isa = PBXBuildFile; fileRef = 86C3005D1CE5F9E800A48DF2 /* Main.storyboard */; };
		86C300611CE5F9E800A48DF2 /* Assets.xcassets in Resources */ = {isa = PBXBuildFile; fileRef = 86C300601CE5F9E800A48DF2 /* Assets.xcassets */; };
		86C300641CE5F9E800A48DF2 /* LaunchScreen.storyboard in Resources */ = {isa = PBXBuildFile; fileRef = 86C300621CE5F9E800A48DF2 /* LaunchScreen.storyboard */; };
		86C3006F1CE5F9E800A48DF2 /* MusicVideoTests.swift in Sources */ = {isa = PBXBuildFile; fileRef = 86C3006E1CE5F9E800A48DF2 /* MusicVideoTests.swift */; };
		86C3007A1CE5F9E800A48DF2 /* MusicVideoUITests.swift in Sources */ = {isa = PBXBuildFile; fileRef = 86C300791CE5F9E800A48DF2 /* MusicVideoUITests.swift */; };
		86C3008C1CE609E800A48DF2 /* APIManager.swift in Sources */ = {isa = PBXBuildFile; fileRef = 86C3008B1CE609E800A48DF2 /* APIManager.swift */; };
/* End PBXBuildFile section */

/* Begin PBXContainerItemProxy section */
		86C3006B1CE5F9E800A48DF2 /* PBXContainerItemProxy */ = {
			isa = PBXContainerItemProxy;
			containerPortal = 86C3004E1CE5F9E800A48DF2 /* Project object */;
			proxyType = 1;
			remoteGlobalIDString = 86C300551CE5F9E800A48DF2;
			remoteInfo = MusicVideo;
		};
		86C300761CE5F9E800A48DF2 /* PBXContainerItemProxy */ = {
			isa = PBXContainerItemProxy;
			containerPortal = 86C3004E1CE5F9E800A48DF2 /* Project object */;
			proxyType = 1;
			remoteGlobalIDString = 86C300551CE5F9E800A48DF2;
			remoteInfo = MusicVideo;
		};
/* End PBXContainerItemProxy section */

/* Begin PBXFileReference section */
		864747191D61D5CE002CAD34 /* MusicVideo-Bridging-Header.h */ = {isa = PBXFileReference; lastKnownFileType = sourcecode.c.h; path = "MusicVideo-Bridging-Header.h"; sourceTree = "<group>"; };
		8647471A1D61D5CF002CAD34 /* Reachability.h */ = {isa = PBXFileReference; fileEncoding = 4; lastKnownFileType = sourcecode.c.h; path = Reachability.h; sourceTree = "<group>"; };
		8647471B1D61D5CF002CAD34 /* Reachability.m */ = {isa = PBXFileReference; fileEncoding = 4; lastKnownFileType = sourcecode.c.objc; path = Reachability.m; sourceTree = "<group>"; };
		866EEEC31D8AD37D005DBE43 /* MusicVideoTVC.swift */ = {isa = PBXFileReference; fileEncoding = 4; lastKnownFileType = sourcecode.swift; path = MusicVideoTVC.swift; sourceTree = "<group>"; };
		8686AF5A1D2163A4000B2DB4 /* Constants.swift */ = {isa = PBXFileReference; fileEncoding = 4; lastKnownFileType = sourcecode.swift; path = Constants.swift; sourceTree = "<group>"; };
		8686AF5C1D216583000B2DB4 /* MusicVideo.swift */ = {isa = PBXFileReference; fileEncoding = 4; lastKnownFileType = sourcecode.swift; path = MusicVideo.swift; sourceTree = "<group>"; };
		86C300561CE5F9E800A48DF2 /* MusicVideo.app */ = {isa = PBXFileReference; explicitFileType = wrapper.application; includeInIndex = 0; path = MusicVideo.app; sourceTree = BUILT_PRODUCTS_DIR; };
		86C300591CE5F9E800A48DF2 /* AppDelegate.swift */ = {isa = PBXFileReference; lastKnownFileType = sourcecode.swift; path = AppDelegate.swift; sourceTree = "<group>"; };
		86C3005B1CE5F9E800A48DF2 /* ViewController.swift */ = {isa = PBXFileReference; lastKnownFileType = sourcecode.swift; path = ViewController.swift; sourceTree = "<group>"; };
		86C3005E1CE5F9E800A48DF2 /* Base */ = {isa = PBXFileReference; lastKnownFileType = file.storyboard; name = Base; path = Base.lproj/Main.storyboard; sourceTree = "<group>"; };
		86C300601CE5F9E800A48DF2 /* Assets.xcassets */ = {isa = PBXFileReference; lastKnownFileType = folder.assetcatalog; path = Assets.xcassets; sourceTree = "<group>"; };
		86C300631CE5F9E800A48DF2 /* Base */ = {isa = PBXFileReference; lastKnownFileType = file.storyboard; name = Base; path = Base.lproj/LaunchScreen.storyboard; sourceTree = "<group>"; };
		86C300651CE5F9E800A48DF2 /* Info.plist */ = {isa = PBXFileReference; lastKnownFileType = text.plist.xml; path = Info.plist; sourceTree = "<group>"; };
		86C3006A1CE5F9E800A48DF2 /* MusicVideoTests.xctest */ = {isa = PBXFileReference; explicitFileType = wrapper.cfbundle; includeInIndex = 0; path = MusicVideoTests.xctest; sourceTree = BUILT_PRODUCTS_DIR; };
		86C3006E1CE5F9E800A48DF2 /* MusicVideoTests.swift */ = {isa = PBXFileReference; lastKnownFileType = sourcecode.swift; path = MusicVideoTests.swift; sourceTree = "<group>"; };
		86C300701CE5F9E800A48DF2 /* Info.plist */ = {isa = PBXFileReference; lastKnownFileType = text.plist.xml; path = Info.plist; sourceTree = "<group>"; };
		86C300751CE5F9E800A48DF2 /* MusicVideoUITests.xctest */ = {isa = PBXFileReference; explicitFileType = wrapper.cfbundle; includeInIndex = 0; path = MusicVideoUITests.xctest; sourceTree = BUILT_PRODUCTS_DIR; };
		86C300791CE5F9E800A48DF2 /* MusicVideoUITests.swift */ = {isa = PBXFileReference; lastKnownFileType = sourcecode.swift; path = MusicVideoUITests.swift; sourceTree = "<group>"; };
		86C3007B1CE5F9E800A48DF2 /* Info.plist */ = {isa = PBXFileReference; lastKnownFileType = text.plist.xml; path = Info.plist; sourceTree = "<group>"; };
		86C3008B1CE609E800A48DF2 /* APIManager.swift */ = {isa = PBXFileReference; fileEncoding = 4; lastKnownFileType = sourcecode.swift; path = APIManager.swift; sourceTree = "<group>"; };
/* End PBXFileReference section */

/* Begin PBXFrameworksBuildPhase section */
		86C300531CE5F9E800A48DF2 /* Frameworks */ = {
			isa = PBXFrameworksBuildPhase;
			buildActionMask = 2147483647;
			files = (
			);
			runOnlyForDeploymentPostprocessing = 0;
		};
		86C300671CE5F9E800A48DF2 /* Frameworks */ = {
			isa = PBXFrameworksBuildPhase;
			buildActionMask = 2147483647;
			files = (
			);
			runOnlyForDeploymentPostprocessing = 0;
		};
		86C300721CE5F9E800A48DF2 /* Frameworks */ = {
			isa = PBXFrameworksBuildPhase;
			buildActionMask = 2147483647;
			files = (
			);
			runOnlyForDeploymentPostprocessing = 0;
		};
/* End PBXFrameworksBuildPhase section */

/* Begin PBXGroup section */
		864747181D61D546002CAD34 /* Obj-C */ = {
			isa = PBXGroup;
			children = (
				8647471A1D61D5CF002CAD34 /* Reachability.h */,
				8647471B1D61D5CF002CAD34 /* Reachability.m */,
				864747191D61D5CE002CAD34 /* MusicVideo-Bridging-Header.h */,
			);
			name = "Obj-C";
			sourceTree = "<group>";
		};
		8686AF591D216370000B2DB4 /* Utils */ = {
			isa = PBXGroup;
			children = (
				8686AF5A1D2163A4000B2DB4 /* Constants.swift */,
			);
			name = Utils;
			sourceTree = "<group>";
		};
		86C3004D1CE5F9E800A48DF2 = {
			isa = PBXGroup;
			children = (
				86C300581CE5F9E800A48DF2 /* MusicVideo */,
				86C3006D1CE5F9E800A48DF2 /* MusicVideoTests */,
				86C300781CE5F9E800A48DF2 /* MusicVideoUITests */,
				86C300571CE5F9E800A48DF2 /* Products */,
			);
			sourceTree = "<group>";
		};
		86C300571CE5F9E800A48DF2 /* Products */ = {
			isa = PBXGroup;
			children = (
				86C300561CE5F9E800A48DF2 /* MusicVideo.app */,
				86C3006A1CE5F9E800A48DF2 /* MusicVideoTests.xctest */,
				86C300751CE5F9E800A48DF2 /* MusicVideoUITests.xctest */,
			);
			name = Products;
			sourceTree = "<group>";
		};
		86C300581CE5F9E800A48DF2 /* MusicVideo */ = {
			isa = PBXGroup;
			children = (
				864747181D61D546002CAD34 /* Obj-C */,
				8686AF591D216370000B2DB4 /* Utils */,
				86C3008A1CE603E600A48DF2 /* Supporting Files */,
				86C300871CE6035A00A48DF2 /* Model */,
				86C300881CE6037900A48DF2 /* Controller */,
				86C300891CE603A200A48DF2 /* View */,
			);
			path = MusicVideo;
			sourceTree = "<group>";
		};
		86C3006D1CE5F9E800A48DF2 /* MusicVideoTests */ = {
			isa = PBXGroup;
			children = (
				86C3006E1CE5F9E800A48DF2 /* MusicVideoTests.swift */,
				86C300701CE5F9E800A48DF2 /* Info.plist */,
			);
			path = MusicVideoTests;
			sourceTree = "<group>";
		};
		86C300781CE5F9E800A48DF2 /* MusicVideoUITests */ = {
			isa = PBXGroup;
			children = (
				86C300791CE5F9E800A48DF2 /* MusicVideoUITests.swift */,
				86C3007B1CE5F9E800A48DF2 /* Info.plist */,
			);
			path = MusicVideoUITests;
			sourceTree = "<group>";
		};
		86C300871CE6035A00A48DF2 /* Model */ = {
			isa = PBXGroup;
			children = (
				8686AF5C1D216583000B2DB4 /* MusicVideo.swift */,
				86C3008B1CE609E800A48DF2 /* APIManager.swift */,
			);
			name = Model;
			sourceTree = "<group>";
		};
		86C300881CE6037900A48DF2 /* Controller */ = {
			isa = PBXGroup;
			children = (
				866EEEC31D8AD37D005DBE43 /* MusicVideoTVC.swift */,
				86C3005B1CE5F9E800A48DF2 /* ViewController.swift */,
			);
			name = Controller;
			sourceTree = "<group>";
		};
		86C300891CE603A200A48DF2 /* View */ = {
			isa = PBXGroup;
			children = (
				86C300621CE5F9E800A48DF2 /* LaunchScreen.storyboard */,
				86C3005D1CE5F9E800A48DF2 /* Main.storyboard */,
			);
			name = View;
			sourceTree = "<group>";
		};
		86C3008A1CE603E600A48DF2 /* Supporting Files */ = {
			isa = PBXGroup;
			children = (
				86C300601CE5F9E800A48DF2 /* Assets.xcassets */,
				86C300651CE5F9E800A48DF2 /* Info.plist */,
				86C300591CE5F9E800A48DF2 /* AppDelegate.swift */,
			);
			name = "Supporting Files";
			sourceTree = "<group>";
		};
/* End PBXGroup section */

/* Begin PBXNativeTarget section */
		86C300551CE5F9E800A48DF2 /* MusicVideo */ = {
			isa = PBXNativeTarget;
			buildConfigurationList = 86C3007E1CE5F9E800A48DF2 /* Build configuration list for PBXNativeTarget "MusicVideo" */;
			buildPhases = (
				86C300521CE5F9E800A48DF2 /* Sources */,
				86C300531CE5F9E800A48DF2 /* Frameworks */,
				86C300541CE5F9E800A48DF2 /* Resources */,
			);
			buildRules = (
			);
			dependencies = (
			);
			name = MusicVideo;
			productName = MusicVideo;
			productReference = 86C300561CE5F9E800A48DF2 /* MusicVideo.app */;
			productType = "com.apple.product-type.application";
		};
		86C300691CE5F9E800A48DF2 /* MusicVideoTests */ = {
			isa = PBXNativeTarget;
			buildConfigurationList = 86C300811CE5F9E800A48DF2 /* Build configuration list for PBXNativeTarget "MusicVideoTests" */;
			buildPhases = (
				86C300661CE5F9E800A48DF2 /* Sources */,
				86C300671CE5F9E800A48DF2 /* Frameworks */,
				86C300681CE5F9E800A48DF2 /* Resources */,
			);
			buildRules = (
			);
			dependencies = (
				86C3006C1CE5F9E800A48DF2 /* PBXTargetDependency */,
			);
			name = MusicVideoTests;
			productName = MusicVideoTests;
			productReference = 86C3006A1CE5F9E800A48DF2 /* MusicVideoTests.xctest */;
			productType = "com.apple.product-type.bundle.unit-test";
		};
		86C300741CE5F9E800A48DF2 /* MusicVideoUITests */ = {
			isa = PBXNativeTarget;
			buildConfigurationList = 86C300841CE5F9E800A48DF2 /* Build configuration list for PBXNativeTarget "MusicVideoUITests" */;
			buildPhases = (
				86C300711CE5F9E800A48DF2 /* Sources */,
				86C300721CE5F9E800A48DF2 /* Frameworks */,
				86C300731CE5F9E800A48DF2 /* Resources */,
			);
			buildRules = (
			);
			dependencies = (
				86C300771CE5F9E800A48DF2 /* PBXTargetDependency */,
			);
			name = MusicVideoUITests;
			productName = MusicVideoUITests;
			productReference = 86C300751CE5F9E800A48DF2 /* MusicVideoUITests.xctest */;
			productType = "com.apple.product-type.bundle.ui-testing";
		};
/* End PBXNativeTarget section */

/* Begin PBXProject section */
		86C3004E1CE5F9E800A48DF2 /* Project object */ = {
			isa = PBXProject;
			attributes = {
				LastSwiftUpdateCheck = 0730;
				LastUpgradeCheck = 0720;
				ORGANIZATIONNAME = "Rex Jason Alobba";
				TargetAttributes = {
					86C300551CE5F9E800A48DF2 = {
						CreatedOnToolsVersion = 7.2.1;
					};
					86C300691CE5F9E800A48DF2 = {
						CreatedOnToolsVersion = 7.2.1;
						TestTargetID = 86C300551CE5F9E800A48DF2;
					};
					86C300741CE5F9E800A48DF2 = {
						CreatedOnToolsVersion = 7.2.1;
						TestTargetID = 86C300551CE5F9E800A48DF2;
					};
				};
			};
			buildConfigurationList = 86C300511CE5F9E800A48DF2 /* Build configuration list for PBXProject "MusicVideo" */;
			compatibilityVersion = "Xcode 3.2";
			developmentRegion = English;
			hasScannedForEncodings = 0;
			knownRegions = (
				en,
				Base,
			);
			mainGroup = 86C3004D1CE5F9E800A48DF2;
			productRefGroup = 86C300571CE5F9E800A48DF2 /* Products */;
			projectDirPath = "";
			projectRoot = "";
			targets = (
				86C300551CE5F9E800A48DF2 /* MusicVideo */,
				86C300691CE5F9E800A48DF2 /* MusicVideoTests */,
				86C300741CE5F9E800A48DF2 /* MusicVideoUITests */,
			);
		};
/* End PBXProject section */

/* Begin PBXResourcesBuildPhase section */
		86C300541CE5F9E800A48DF2 /* Resources */ = {
			isa = PBXResourcesBuildPhase;
			buildActionMask = 2147483647;
			files = (
				86C300641CE5F9E800A48DF2 /* LaunchScreen.storyboard in Resources */,
				86C300611CE5F9E800A48DF2 /* Assets.xcassets in Resources */,
				86C3005F1CE5F9E800A48DF2 /* Main.storyboard in Resources */,
			);
			runOnlyForDeploymentPostprocessing = 0;
		};
		86C300681CE5F9E800A48DF2 /* Resources */ = {
			isa = PBXResourcesBuildPhase;
			buildActionMask = 2147483647;
			files = (
			);
			runOnlyForDeploymentPostprocessing = 0;
		};
		86C300731CE5F9E800A48DF2 /* Resources */ = {
			isa = PBXResourcesBuildPhase;
			buildActionMask = 2147483647;
			files = (
			);
			runOnlyForDeploymentPostprocessing = 0;
		};
/* End PBXResourcesBuildPhase section */

/* Begin PBXSourcesBuildPhase section */
		86C300521CE5F9E800A48DF2 /* Sources */ = {
			isa = PBXSourcesBuildPhase;
			buildActionMask = 2147483647;
			files = (
				86C3008C1CE609E800A48DF2 /* APIManager.swift in Sources */,
				86C3005C1CE5F9E800A48DF2 /* ViewController.swift in Sources */,
				8686AF5D1D216583000B2DB4 /* MusicVideo.swift in Sources */,
				86C3005A1CE5F9E800A48DF2 /* AppDelegate.swift in Sources */,
				8647471C1D61D5CF002CAD34 /* Reachability.m in Sources */,
				8686AF5B1D2163A4000B2DB4 /* Constants.swift in Sources */,
				866EEEC41D8AD37D005DBE43 /* MusicVideoTVC.swift in Sources */,
			);
			runOnlyForDeploymentPostprocessing = 0;
		};
		86C300661CE5F9E800A48DF2 /* Sources */ = {
			isa = PBXSourcesBuildPhase;
			buildActionMask = 2147483647;
			files = (
				86C3006F1CE5F9E800A48DF2 /* MusicVideoTests.swift in Sources */,
			);
			runOnlyForDeploymentPostprocessing = 0;
		};
		86C300711CE5F9E800A48DF2 /* Sources */ = {
			isa = PBXSourcesBuildPhase;
			buildActionMask = 2147483647;
			files = (
				86C3007A1CE5F9E800A48DF2 /* MusicVideoUITests.swift in Sources */,
			);
			runOnlyForDeploymentPostprocessing = 0;
		};
/* End PBXSourcesBuildPhase section */

/* Begin PBXTargetDependency section */
		86C3006C1CE5F9E800A48DF2 /* PBXTargetDependency */ = {
			isa = PBXTargetDependency;
			target = 86C300551CE5F9E800A48DF2 /* MusicVideo */;
			targetProxy = 86C3006B1CE5F9E800A48DF2 /* PBXContainerItemProxy */;
		};
		86C300771CE5F9E800A48DF2 /* PBXTargetDependency */ = {
			isa = PBXTargetDependency;
			target = 86C300551CE5F9E800A48DF2 /* MusicVideo */;
			targetProxy = 86C300761CE5F9E800A48DF2 /* PBXContainerItemProxy */;
		};
/* End PBXTargetDependency section */

/* Begin PBXVariantGroup section */
		86C3005D1CE5F9E800A48DF2 /* Main.storyboard */ = {
			isa = PBXVariantGroup;
			children = (
				86C3005E1CE5F9E800A48DF2 /* Base */,
			);
			name = Main.storyboard;
			sourceTree = "<group>";
		};
		86C300621CE5F9E800A48DF2 /* LaunchScreen.storyboard */ = {
			isa = PBXVariantGroup;
			children = (
				86C300631CE5F9E800A48DF2 /* Base */,
			);
			name = LaunchScreen.storyboard;
			sourceTree = "<group>";
		};
/* End PBXVariantGroup section */

/* Begin XCBuildConfiguration section */
		86C3007C1CE5F9E800A48DF2 /* Debug */ = {
			isa = XCBuildConfiguration;
			buildSettings = {
				ALWAYS_SEARCH_USER_PATHS = NO;
				CLANG_CXX_LANGUAGE_STANDARD = "gnu++0x";
				CLANG_CXX_LIBRARY = "libc++";
				CLANG_ENABLE_MODULES = YES;
				CLANG_ENABLE_OBJC_ARC = YES;
				CLANG_WARN_BOOL_CONVERSION = YES;
				CLANG_WARN_CONSTANT_CONVERSION = YES;
				CLANG_WARN_DIRECT_OBJC_ISA_USAGE = YES_ERROR;
				CLANG_WARN_EMPTY_BODY = YES;
				CLANG_WARN_ENUM_CONVERSION = YES;
				CLANG_WARN_INT_CONVERSION = YES;
				CLANG_WARN_OBJC_ROOT_CLASS = YES_ERROR;
				CLANG_WARN_UNREACHABLE_CODE = YES;
				CLANG_WARN__DUPLICATE_METHOD_MATCH = YES;
				"CODE_SIGN_IDENTITY[sdk=iphoneos*]" = "iPhone Developer";
				COPY_PHASE_STRIP = NO;
				DEBUG_INFORMATION_FORMAT = dwarf;
				ENABLE_STRICT_OBJC_MSGSEND = YES;
				ENABLE_TESTABILITY = YES;
				GCC_C_LANGUAGE_STANDARD = gnu99;
				GCC_DYNAMIC_NO_PIC = NO;
				GCC_NO_COMMON_BLOCKS = YES;
				GCC_OPTIMIZATION_LEVEL = 0;
				GCC_PREPROCESSOR_DEFINITIONS = (
					"DEBUG=1",
					"$(inherited)",
				);
				GCC_WARN_64_TO_32_BIT_CONVERSION = YES;
				GCC_WARN_ABOUT_RETURN_TYPE = YES_ERROR;
				GCC_WARN_UNDECLARED_SELECTOR = YES;
				GCC_WARN_UNINITIALIZED_AUTOS = YES_AGGRESSIVE;
				GCC_WARN_UNUSED_FUNCTION = YES;
				GCC_WARN_UNUSED_VARIABLE = YES;
				IPHONEOS_DEPLOYMENT_TARGET = 9.2;
				MTL_ENABLE_DEBUG_INFO = YES;
				ONLY_ACTIVE_ARCH = YES;
				SDKROOT = iphoneos;
				SWIFT_OPTIMIZATION_LEVEL = "-Onone";
				TARGETED_DEVICE_FAMILY = "1,2";
			};
			name = Debug;
		};
		86C3007D1CE5F9E800A48DF2 /* Release */ = {
			isa = XCBuildConfiguration;
			buildSettings = {
				ALWAYS_SEARCH_USER_PATHS = NO;
				CLANG_CXX_LANGUAGE_STANDARD = "gnu++0x";
				CLANG_CXX_LIBRARY = "libc++";
				CLANG_ENABLE_MODULES = YES;
				CLANG_ENABLE_OBJC_ARC = YES;
				CLANG_WARN_BOOL_CONVERSION = YES;
				CLANG_WARN_CONSTANT_CONVERSION = YES;
				CLANG_WARN_DIRECT_OBJC_ISA_USAGE = YES_ERROR;
				CLANG_WARN_EMPTY_BODY = YES;
				CLANG_WARN_ENUM_CONVERSION = YES;
				CLANG_WARN_INT_CONVERSION = YES;
				CLANG_WARN_OBJC_ROOT_CLASS = YES_ERROR;
				CLANG_WARN_UNREACHABLE_CODE = YES;
				CLANG_WARN__DUPLICATE_METHOD_MATCH = YES;
				"CODE_SIGN_IDENTITY[sdk=iphoneos*]" = "iPhone Developer";
				COPY_PHASE_STRIP = NO;
				DEBUG_INFORMATION_FORMAT = "dwarf-with-dsym";
				ENABLE_NS_ASSERTIONS = NO;
				ENABLE_STRICT_OBJC_MSGSEND = YES;
				GCC_C_LANGUAGE_STANDARD = gnu99;
				GCC_NO_COMMON_BLOCKS = YES;
				GCC_WARN_64_TO_32_BIT_CONVERSION = YES;
				GCC_WARN_ABOUT_RETURN_TYPE = YES_ERROR;
				GCC_WARN_UNDECLARED_SELECTOR = YES;
				GCC_WARN_UNINITIALIZED_AUTOS = YES_AGGRESSIVE;
				GCC_WARN_UNUSED_FUNCTION = YES;
				GCC_WARN_UNUSED_VARIABLE = YES;
				IPHONEOS_DEPLOYMENT_TARGET = 9.2;
				MTL_ENABLE_DEBUG_INFO = NO;
				SDKROOT = iphoneos;
				TARGETED_DEVICE_FAMILY = "1,2";
				VALIDATE_PRODUCT = YES;
			};
			name = Release;
		};
		86C3007F1CE5F9E800A48DF2 /* Debug */ = {
			isa = XCBuildConfiguration;
			buildSettings = {
				ASSETCATALOG_COMPILER_APPICON_NAME = AppIcon;
				CLANG_ENABLE_MODULES = YES;
				INFOPLIST_FILE = MusicVideo/Info.plist;
				LD_RUNPATH_SEARCH_PATHS = "$(inherited) @executable_path/Frameworks";
				PRODUCT_BUNDLE_IDENTIFIER = com.myspaceless.MusicVideo;
				PRODUCT_NAME = "$(TARGET_NAME)";
				SWIFT_OBJC_BRIDGING_HEADER = "MusicVideo/MusicVideo-Bridging-Header.h";
				SWIFT_OPTIMIZATION_LEVEL = "-Onone";
			};
			name = Debug;
		};
		86C300801CE5F9E800A48DF2 /* Release */ = {
			isa = XCBuildConfiguration;
			buildSettings = {
				ASSETCATALOG_COMPILER_APPICON_NAME = AppIcon;
				CLANG_ENABLE_MODULES = YES;
				INFOPLIST_FILE = MusicVideo/Info.plist;
				LD_RUNPATH_SEARCH_PATHS = "$(inherited) @executable_path/Frameworks";
				PRODUCT_BUNDLE_IDENTIFIER = com.myspaceless.MusicVideo;
				PRODUCT_NAME = "$(TARGET_NAME)";
				SWIFT_OBJC_BRIDGING_HEADER = "MusicVideo/MusicVideo-Bridging-Header.h";
			};
			name = Release;
		};
		86C300821CE5F9E800A48DF2 /* Debug */ = {
			isa = XCBuildConfiguration;
			buildSettings = {
				BUNDLE_LOADER = "$(TEST_HOST)";
				INFOPLIST_FILE = MusicVideoTests/Info.plist;
				LD_RUNPATH_SEARCH_PATHS = "$(inherited) @executable_path/Frameworks @loader_path/Frameworks";
				PRODUCT_BUNDLE_IDENTIFIER = com.myspaceless.MusicVideoTests;
				PRODUCT_NAME = "$(TARGET_NAME)";
				TEST_HOST = "$(BUILT_PRODUCTS_DIR)/MusicVideo.app/MusicVideo";
			};
			name = Debug;
		};
		86C300831CE5F9E800A48DF2 /* Release */ = {
			isa = XCBuildConfiguration;
			buildSettings = {
				BUNDLE_LOADER = "$(TEST_HOST)";
				INFOPLIST_FILE = MusicVideoTests/Info.plist;
				LD_RUNPATH_SEARCH_PATHS = "$(inherited) @executable_path/Frameworks @loader_path/Frameworks";
				PRODUCT_BUNDLE_IDENTIFIER = com.myspaceless.MusicVideoTests;
				PRODUCT_NAME = "$(TARGET_NAME)";
				TEST_HOST = "$(BUILT_PRODUCTS_DIR)/MusicVideo.app/MusicVideo";
			};
			name = Release;
		};
		86C300851CE5F9E800A48DF2 /* Debug */ = {
			isa = XCBuildConfiguration;
			buildSettings = {
				INFOPLIST_FILE = MusicVideoUITests/Info.plist;
				LD_RUNPATH_SEARCH_PATHS = "$(inherited) @executable_path/Frameworks @loader_path/Frameworks";
				PRODUCT_BUNDLE_IDENTIFIER = com.myspaceless.MusicVideoUITests;
				PRODUCT_NAME = "$(TARGET_NAME)";
				TEST_TARGET_NAME = MusicVideo;
				USES_XCTRUNNER = YES;
			};
			name = Debug;
		};
		86C300861CE5F9E800A48DF2 /* Release */ = {
			isa = XCBuildConfiguration;
			buildSettings = {
				INFOPLIST_FILE = MusicVideoUITests/Info.plist;
				LD_RUNPATH_SEARCH_PATHS = "$(inherited) @executable_path/Frameworks @loader_path/Frameworks";
				PRODUCT_BUNDLE_IDENTIFIER = com.myspaceless.MusicVideoUITests;
				PRODUCT_NAME = "$(TARGET_NAME)";
				TEST_TARGET_NAME = MusicVideo;
				USES_XCTRUNNER = YES;
			};
			name = Release;
		};
/* End XCBuildConfiguration section */

/* Begin XCConfigurationList section */
		86C300511CE5F9E800A48DF2 /* Build configuration list for PBXProject "MusicVideo" */ = {
			isa = XCConfigurationList;
			buildConfigurations = (
				86C3007C1CE5F9E800A48DF2 /* Debug */,
				86C3007D1CE5F9E800A48DF2 /* Release */,
			);
			defaultConfigurationIsVisible = 0;
			defaultConfigurationName = Release;
		};
		86C3007E1CE5F9E800A48DF2 /* Build configuration list for PBXNativeTarget "MusicVideo" */ = {
			isa = XCConfigurationList;
			buildConfigurations = (
				86C3007F1CE5F9E800A48DF2 /* Debug */,
				86C300801CE5F9E800A48DF2 /* Release */,
			);
			defaultConfigurationIsVisible = 0;
			defaultConfigurationName = Release;
		};
		86C300811CE5F9E800A48DF2 /* Build configuration list for PBXNativeTarget "MusicVideoTests" */ = {
			isa = XCConfigurationList;
			buildConfigurations = (
				86C300821CE5F9E800A48DF2 /* Debug */,
				86C300831CE5F9E800A48DF2 /* Release */,
			);
			defaultConfigurationIsVisible = 0;
			defaultConfigurationName = Release;
		};
		86C300841CE5F9E800A48DF2 /* Build configuration list for PBXNativeTarget "MusicVideoUITests" */ = {
			isa = XCConfigurationList;
			buildConfigurations = (
				86C300851CE5F9E800A48DF2 /* Debug */,
				86C300861CE5F9E800A48DF2 /* Release */,
			);
			defaultConfigurationIsVisible = 0;
			defaultConfigurationName = Release;
		};
/* End XCConfigurationList section */
	};
	rootObject = 86C3004E1CE5F9E800A48DF2 /* Project object */;
}
